
Microsoft Visual Studio Solution File, Format Version 12.00
# Visual Studio Version 17
VisualStudioVersion = 17.4.33110.190
MinimumVisualStudioVersion = 10.0.40219.1
Project("{FAE04EC0-301F-11D3-BF4B-00C04F79EFBC}") = "DimplomApp", "DimplomApp\DimplomApp.csproj", "{EDA186EE-6C94-48FB-8A72-ACE75D1C2028}"
EndProject
Global
	GlobalSection(SolutionConfigurationPlatforms) = preSolution
		Debug|Any CPU = Debug|Any CPU
		Release|Any CPU = Release|Any CPU
	EndGlobalSection
	GlobalSection(ProjectConfigurationPlatforms) = postSolution
		{EDA186EE-6C94-48FB-8A72-ACE75D1C2028}.Debug|Any CPU.ActiveCfg = Debug|Any CPU
		{EDA186EE-6C94-48FB-8A72-ACE75D1C2028}.Debug|Any CPU.Build.0 = Debug|Any CPU
		{EDA186EE-6C94-48FB-8A72-ACE75D1C2028}.Release|Any CPU.ActiveCfg = Release|Any CPU
		{EDA186EE-6C94-48FB-8A72-ACE75D1C2028}.Release|Any CPU.Build.0 = Release|Any CPU
	EndGlobalSection
	GlobalSection(SolutionProperties) = preSolution
		HideSolutionNode = FALSE
	EndGlobalSection
	GlobalSection(ExtensibilityGlobals) = postSolution
		SolutionGuid = {740E47D4-238B-4203-8CAE-3EA671600BC1}
	EndGlobalSection
EndGlobal
